// !$*UTF8*$!
{
	archiveVersion = 1;
	classes = {
	};
	objectVersion = 50;
	objects = {

/* Begin PBXBuildFile section */
		2CBD42E2804CC45640DD5EED /* Pods_MobiWeather.framework in Frameworks */ = {isa = PBXBuildFile; fileRef = D7991C3C7888D01D141A518F /* Pods_MobiWeather.framework */; };
		7F5E0E0321704E45008DFFDE /* WeatherTypes.swift in Sources */ = {isa = PBXBuildFile; fileRef = 7F5E0E0221704E45008DFFDE /* WeatherTypes.swift */; };
		7F5E0E0521707BF5008DFFDE /* WeatherForecast.swift in Sources */ = {isa = PBXBuildFile; fileRef = 7F5E0E0421707BF5008DFFDE /* WeatherForecast.swift */; };
		7F5E0E0721709992008DFFDE /* City.swift in Sources */ = {isa = PBXBuildFile; fileRef = 7F5E0E0621709992008DFFDE /* City.swift */; };
		7F5E0E0A2170C088008DFFDE /* WeatherStubbed.json in Resources */ = {isa = PBXBuildFile; fileRef = 7F5E0E092170C088008DFFDE /* WeatherStubbed.json */; };
		7F8BF01821745F8F006EB88E /* MobiAPITests.swift in Sources */ = {isa = PBXBuildFile; fileRef = 7F8BF01721745F8F006EB88E /* MobiAPITests.swift */; };
		7F976E29216DD60F003D2F6E /* MobiAPIProvider.swift in Sources */ = {isa = PBXBuildFile; fileRef = 7F976E28216DD60F003D2F6E /* MobiAPIProvider.swift */; };
		7F976E2C216DD787003D2F6E /* MobiConsts.swift in Sources */ = {isa = PBXBuildFile; fileRef = 7F976E2B216DD787003D2F6E /* MobiConsts.swift */; };
		7F976E2F216DD7F6003D2F6E /* String.swift in Sources */ = {isa = PBXBuildFile; fileRef = 7F976E2E216DD7F6003D2F6E /* String.swift */; };
		7F976E31216DD8E7003D2F6E /* MobiNetworkService.swift in Sources */ = {isa = PBXBuildFile; fileRef = 7F976E30216DD8E7003D2F6E /* MobiNetworkService.swift */; };
		7F976E34216E0246003D2F6E /* Weather.swift in Sources */ = {isa = PBXBuildFile; fileRef = 7F976E33216E0246003D2F6E /* Weather.swift */; };
		7F976E39216E0A71003D2F6E /* LaunchViewController.swift in Sources */ = {isa = PBXBuildFile; fileRef = 7F976E38216E0A71003D2F6E /* LaunchViewController.swift */; };
		7F976E3D216E0AE1003D2F6E /* MobiBaseViewController.swift in Sources */ = {isa = PBXBuildFile; fileRef = 7F976E3C216E0AE1003D2F6E /* MobiBaseViewController.swift */; };
		7F976E3F216EFD67003D2F6E /* LocationPicker.storyboard in Resources */ = {isa = PBXBuildFile; fileRef = 7F976E3E216EFD67003D2F6E /* LocationPicker.storyboard */; };
		7F976E42216EFF4D003D2F6E /* LocationPickerViewController.swift in Sources */ = {isa = PBXBuildFile; fileRef = 7F976E41216EFF4D003D2F6E /* LocationPickerViewController.swift */; };
		7F976E44216F1040003D2F6E /* Annotation.swift in Sources */ = {isa = PBXBuildFile; fileRef = 7F976E43216F1040003D2F6E /* Annotation.swift */; };
		7F976E46216F2C3F003D2F6E /* CLLocationCoordinate2D.swift in Sources */ = {isa = PBXBuildFile; fileRef = 7F976E45216F2C3F003D2F6E /* CLLocationCoordinate2D.swift */; };
		7F976E49216F2E88003D2F6E /* HomeWeatherLocationTableViewCell.swift in Sources */ = {isa = PBXBuildFile; fileRef = 7F976E48216F2E88003D2F6E /* HomeWeatherLocationTableViewCell.swift */; };
		7F976E4B216F4D4F003D2F6E /* Double.swift in Sources */ = {isa = PBXBuildFile; fileRef = 7F976E4A216F4D4F003D2F6E /* Double.swift */; };
		7F976E4E216F66F6003D2F6E /* CityDetailViewController.swift in Sources */ = {isa = PBXBuildFile; fileRef = 7F976E4D216F66F6003D2F6E /* CityDetailViewController.swift */; };
		7F976E50216F6E5B003D2F6E /* LocalStorageManager.swift in Sources */ = {isa = PBXBuildFile; fileRef = 7F976E4F216F6E5B003D2F6E /* LocalStorageManager.swift */; };
		7F976E52216F6FE6003D2F6E /* LocalLocation.swift in Sources */ = {isa = PBXBuildFile; fileRef = 7F976E51216F6FE6003D2F6E /* LocalLocation.swift */; };
		7F976E54216F73E1003D2F6E /* Dictionary.swift in Sources */ = {isa = PBXBuildFile; fileRef = 7F976E53216F73E1003D2F6E /* Dictionary.swift */; };
		7FD12541216DC51A000C96B9 /* AppDelegate.swift in Sources */ = {isa = PBXBuildFile; fileRef = 7FD12540216DC51A000C96B9 /* AppDelegate.swift */; };
		7FD12546216DC51A000C96B9 /* Main.storyboard in Resources */ = {isa = PBXBuildFile; fileRef = 7FD12544216DC51A000C96B9 /* Main.storyboard */; };
		7FD12548216DC51B000C96B9 /* Assets.xcassets in Resources */ = {isa = PBXBuildFile; fileRef = 7FD12547216DC51B000C96B9 /* Assets.xcassets */; };
		7FD1254B216DC51B000C96B9 /* LaunchScreen.storyboard in Resources */ = {isa = PBXBuildFile; fileRef = 7FD12549216DC51B000C96B9 /* LaunchScreen.storyboard */; };
		7FD12556216DC51B000C96B9 /* MobiWeatherTests.swift in Sources */ = {isa = PBXBuildFile; fileRef = 7FD12555216DC51B000C96B9 /* MobiWeatherTests.swift */; };
		7FD1256B216DC8B8000C96B9 /* Configuration.swift in Sources */ = {isa = PBXBuildFile; fileRef = 7FD1256A216DC8B8000C96B9 /* Configuration.swift */; };
		7FD1256D216DC8D7000C96B9 /* Environment.swift in Sources */ = {isa = PBXBuildFile; fileRef = 7FD1256C216DC8D7000C96B9 /* Environment.swift */; };
		D53FBBE0216E4532007CEC3F /* HomeViewController.swift in Sources */ = {isa = PBXBuildFile; fileRef = D53FBBDF216E4532007CEC3F /* HomeViewController.swift */; };
		D53FBBE2216E6152007CEC3F /* MobiBoard.swift in Sources */ = {isa = PBXBuildFile; fileRef = D53FBBE1216E6152007CEC3F /* MobiBoard.swift */; };
		D53FBBE4216E61B1007CEC3F /* UIViewController.swift in Sources */ = {isa = PBXBuildFile; fileRef = D53FBBE3216E61B1007CEC3F /* UIViewController.swift */; };
		D562C1412171BAC100A7A557 /* StringExtensionTests.swift in Sources */ = {isa = PBXBuildFile; fileRef = D562C1402171BAC100A7A557 /* StringExtensionTests.swift */; };
		D562C1432171BC2400A7A557 /* CLLocationExtensionTests.swift in Sources */ = {isa = PBXBuildFile; fileRef = D562C1422171BC2400A7A557 /* CLLocationExtensionTests.swift */; };
		D562C1462171BCE100A7A557 /* DoubleTests.swift in Sources */ = {isa = PBXBuildFile; fileRef = D562C1452171BCE100A7A557 /* DoubleTests.swift */; };
		D562C1492171C0BE00A7A557 /* DictionaryTests.swift in Sources */ = {isa = PBXBuildFile; fileRef = D562C1482171C0BE00A7A557 /* DictionaryTests.swift */; };
		D5999EF32170F86F00B7BDD4 /* ForecastListCollectionViewCell.swift in Sources */ = {isa = PBXBuildFile; fileRef = D5999EF22170F86F00B7BDD4 /* ForecastListCollectionViewCell.swift */; };
		D5999EF52170FC9300B7BDD4 /* UIImageView.swift in Sources */ = {isa = PBXBuildFile; fileRef = D5999EF42170FC9300B7BDD4 /* UIImageView.swift */; };
		FBCC3D29DE933C56F57A24BD /* Pods_MobiWeatherTests.framework in Frameworks */ = {isa = PBXBuildFile; fileRef = 1C03D5C45E1EE71AA4440EDA /* Pods_MobiWeatherTests.framework */; };
/* End PBXBuildFile section */

/* Begin PBXContainerItemProxy section */
		7FD12552216DC51B000C96B9 /* PBXContainerItemProxy */ = {
			isa = PBXContainerItemProxy;
			containerPortal = 7FD12535216DC51A000C96B9 /* Project object */;
			proxyType = 1;
			remoteGlobalIDString = 7FD1253C216DC51A000C96B9;
			remoteInfo = MobiWeather;
		};
/* End PBXContainerItemProxy section */

/* Begin PBXFileReference section */
		1C03D5C45E1EE71AA4440EDA /* Pods_MobiWeatherTests.framework */ = {isa = PBXFileReference; explicitFileType = wrapper.framework; includeInIndex = 0; path = Pods_MobiWeatherTests.framework; sourceTree = BUILT_PRODUCTS_DIR; };
		508EE9555045D76FEE3353A4 /* Pods-MobiWeatherTests.release.xcconfig */ = {isa = PBXFileReference; includeInIndex = 1; lastKnownFileType = text.xcconfig; name = "Pods-MobiWeatherTests.release.xcconfig"; path = "Pods/Target Support Files/Pods-MobiWeatherTests/Pods-MobiWeatherTests.release.xcconfig"; sourceTree = "<group>"; };
		7F5E0E0221704E45008DFFDE /* WeatherTypes.swift */ = {isa = PBXFileReference; lastKnownFileType = sourcecode.swift; path = WeatherTypes.swift; sourceTree = "<group>"; };
		7F5E0E0421707BF5008DFFDE /* WeatherForecast.swift */ = {isa = PBXFileReference; lastKnownFileType = sourcecode.swift; path = WeatherForecast.swift; sourceTree = "<group>"; };
		7F5E0E0621709992008DFFDE /* City.swift */ = {isa = PBXFileReference; lastKnownFileType = sourcecode.swift; path = City.swift; sourceTree = "<group>"; };
		7F5E0E092170C088008DFFDE /* WeatherStubbed.json */ = {isa = PBXFileReference; fileEncoding = 4; lastKnownFileType = text.json; path = WeatherStubbed.json; sourceTree = "<group>"; };
		7F8BF01721745F8F006EB88E /* MobiAPITests.swift */ = {isa = PBXFileReference; lastKnownFileType = sourcecode.swift; path = MobiAPITests.swift; sourceTree = "<group>"; };
		7F976E28216DD60F003D2F6E /* MobiAPIProvider.swift */ = {isa = PBXFileReference; lastKnownFileType = sourcecode.swift; path = MobiAPIProvider.swift; sourceTree = "<group>"; };
		7F976E2B216DD787003D2F6E /* MobiConsts.swift */ = {isa = PBXFileReference; lastKnownFileType = sourcecode.swift; path = MobiConsts.swift; sourceTree = "<group>"; };
		7F976E2E216DD7F6003D2F6E /* String.swift */ = {isa = PBXFileReference; lastKnownFileType = sourcecode.swift; path = String.swift; sourceTree = "<group>"; };
		7F976E30216DD8E7003D2F6E /* MobiNetworkService.swift */ = {isa = PBXFileReference; lastKnownFileType = sourcecode.swift; path = MobiNetworkService.swift; sourceTree = "<group>"; };
		7F976E33216E0246003D2F6E /* Weather.swift */ = {isa = PBXFileReference; lastKnownFileType = sourcecode.swift; path = Weather.swift; sourceTree = "<group>"; };
		7F976E38216E0A71003D2F6E /* LaunchViewController.swift */ = {isa = PBXFileReference; lastKnownFileType = sourcecode.swift; path = LaunchViewController.swift; sourceTree = "<group>"; };
		7F976E3C216E0AE1003D2F6E /* MobiBaseViewController.swift */ = {isa = PBXFileReference; lastKnownFileType = sourcecode.swift; path = MobiBaseViewController.swift; sourceTree = "<group>"; };
		7F976E3E216EFD67003D2F6E /* LocationPicker.storyboard */ = {isa = PBXFileReference; lastKnownFileType = file.storyboard; path = LocationPicker.storyboard; sourceTree = "<group>"; };
		7F976E41216EFF4D003D2F6E /* LocationPickerViewController.swift */ = {isa = PBXFileReference; lastKnownFileType = sourcecode.swift; path = LocationPickerViewController.swift; sourceTree = "<group>"; };
		7F976E43216F1040003D2F6E /* Annotation.swift */ = {isa = PBXFileReference; lastKnownFileType = sourcecode.swift; path = Annotation.swift; sourceTree = "<group>"; };
		7F976E45216F2C3F003D2F6E /* CLLocationCoordinate2D.swift */ = {isa = PBXFileReference; lastKnownFileType = sourcecode.swift; path = CLLocationCoordinate2D.swift; sourceTree = "<group>"; };
		7F976E48216F2E88003D2F6E /* HomeWeatherLocationTableViewCell.swift */ = {isa = PBXFileReference; lastKnownFileType = sourcecode.swift; path = HomeWeatherLocationTableViewCell.swift; sourceTree = "<group>"; };
		7F976E4A216F4D4F003D2F6E /* Double.swift */ = {isa = PBXFileReference; lastKnownFileType = sourcecode.swift; path = Double.swift; sourceTree = "<group>"; };
		7F976E4D216F66F6003D2F6E /* CityDetailViewController.swift */ = {isa = PBXFileReference; lastKnownFileType = sourcecode.swift; path = CityDetailViewController.swift; sourceTree = "<group>"; };
		7F976E4F216F6E5B003D2F6E /* LocalStorageManager.swift */ = {isa = PBXFileReference; lastKnownFileType = sourcecode.swift; path = LocalStorageManager.swift; sourceTree = "<group>"; };
		7F976E51216F6FE6003D2F6E /* LocalLocation.swift */ = {isa = PBXFileReference; lastKnownFileType = sourcecode.swift; path = LocalLocation.swift; sourceTree = "<group>"; };
		7F976E53216F73E1003D2F6E /* Dictionary.swift */ = {isa = PBXFileReference; lastKnownFileType = sourcecode.swift; path = Dictionary.swift; sourceTree = "<group>"; };
		7FD1253D216DC51A000C96B9 /* MobiWeather-Dev.app */ = {isa = PBXFileReference; explicitFileType = wrapper.application; includeInIndex = 0; path = "MobiWeather-Dev.app"; sourceTree = BUILT_PRODUCTS_DIR; };
		7FD12540216DC51A000C96B9 /* AppDelegate.swift */ = {isa = PBXFileReference; lastKnownFileType = sourcecode.swift; path = AppDelegate.swift; sourceTree = "<group>"; };
		7FD12545216DC51A000C96B9 /* Base */ = {isa = PBXFileReference; lastKnownFileType = file.storyboard; name = Base; path = Base.lproj/Main.storyboard; sourceTree = "<group>"; };
		7FD12547216DC51B000C96B9 /* Assets.xcassets */ = {isa = PBXFileReference; lastKnownFileType = folder.assetcatalog; path = Assets.xcassets; sourceTree = "<group>"; };
		7FD1254A216DC51B000C96B9 /* Base */ = {isa = PBXFileReference; lastKnownFileType = file.storyboard; name = Base; path = Base.lproj/LaunchScreen.storyboard; sourceTree = "<group>"; };
		7FD1254C216DC51B000C96B9 /* Info.plist */ = {isa = PBXFileReference; lastKnownFileType = text.plist.xml; path = Info.plist; sourceTree = "<group>"; };
		7FD12551216DC51B000C96B9 /* MobiWeatherTests.xctest */ = {isa = PBXFileReference; explicitFileType = wrapper.cfbundle; includeInIndex = 0; path = MobiWeatherTests.xctest; sourceTree = BUILT_PRODUCTS_DIR; };
		7FD12555216DC51B000C96B9 /* MobiWeatherTests.swift */ = {isa = PBXFileReference; lastKnownFileType = sourcecode.swift; path = MobiWeatherTests.swift; sourceTree = "<group>"; };
		7FD12557216DC51B000C96B9 /* Info.plist */ = {isa = PBXFileReference; lastKnownFileType = text.plist.xml; path = Info.plist; sourceTree = "<group>"; };
		7FD1256A216DC8B8000C96B9 /* Configuration.swift */ = {isa = PBXFileReference; lastKnownFileType = sourcecode.swift; path = Configuration.swift; sourceTree = "<group>"; };
		7FD1256C216DC8D7000C96B9 /* Environment.swift */ = {isa = PBXFileReference; lastKnownFileType = sourcecode.swift; path = Environment.swift; sourceTree = "<group>"; };
		801581CE5B412630028944CF /* Pods-MobiWeather.release.xcconfig */ = {isa = PBXFileReference; includeInIndex = 1; lastKnownFileType = text.xcconfig; name = "Pods-MobiWeather.release.xcconfig"; path = "Pods/Target Support Files/Pods-MobiWeather/Pods-MobiWeather.release.xcconfig"; sourceTree = "<group>"; };
		8A5194FB666892032BEDB1A2 /* Pods-MobiWeatherTests.stage.xcconfig */ = {isa = PBXFileReference; includeInIndex = 1; lastKnownFileType = text.xcconfig; name = "Pods-MobiWeatherTests.stage.xcconfig"; path = "Pods/Target Support Files/Pods-MobiWeatherTests/Pods-MobiWeatherTests.stage.xcconfig"; sourceTree = "<group>"; };
		A1B2F2D991C10FB118AB8C30 /* Pods-MobiWeatherTests.dev.xcconfig */ = {isa = PBXFileReference; includeInIndex = 1; lastKnownFileType = text.xcconfig; name = "Pods-MobiWeatherTests.dev.xcconfig"; path = "Pods/Target Support Files/Pods-MobiWeatherTests/Pods-MobiWeatherTests.dev.xcconfig"; sourceTree = "<group>"; };
		B560CF9048AC02C555D55E2F /* Pods-MobiWeather.dev.xcconfig */ = {isa = PBXFileReference; includeInIndex = 1; lastKnownFileType = text.xcconfig; name = "Pods-MobiWeather.dev.xcconfig"; path = "Pods/Target Support Files/Pods-MobiWeather/Pods-MobiWeather.dev.xcconfig"; sourceTree = "<group>"; };
		D53FBBDF216E4532007CEC3F /* HomeViewController.swift */ = {isa = PBXFileReference; lastKnownFileType = sourcecode.swift; path = HomeViewController.swift; sourceTree = "<group>"; };
		D53FBBE1216E6152007CEC3F /* MobiBoard.swift */ = {isa = PBXFileReference; lastKnownFileType = sourcecode.swift; path = MobiBoard.swift; sourceTree = "<group>"; };
		D53FBBE3216E61B1007CEC3F /* UIViewController.swift */ = {isa = PBXFileReference; lastKnownFileType = sourcecode.swift; path = UIViewController.swift; sourceTree = "<group>"; };
		D562C1402171BAC100A7A557 /* StringExtensionTests.swift */ = {isa = PBXFileReference; lastKnownFileType = sourcecode.swift; path = StringExtensionTests.swift; sourceTree = "<group>"; };
		D562C1422171BC2400A7A557 /* CLLocationExtensionTests.swift */ = {isa = PBXFileReference; lastKnownFileType = sourcecode.swift; path = CLLocationExtensionTests.swift; sourceTree = "<group>"; };
		D562C1452171BCE100A7A557 /* DoubleTests.swift */ = {isa = PBXFileReference; lastKnownFileType = sourcecode.swift; path = DoubleTests.swift; sourceTree = "<group>"; };
		D562C1482171C0BE00A7A557 /* DictionaryTests.swift */ = {isa = PBXFileReference; lastKnownFileType = sourcecode.swift; path = DictionaryTests.swift; sourceTree = "<group>"; };
		D5999EF22170F86F00B7BDD4 /* ForecastListCollectionViewCell.swift */ = {isa = PBXFileReference; lastKnownFileType = sourcecode.swift; path = ForecastListCollectionViewCell.swift; sourceTree = "<group>"; };
		D5999EF42170FC9300B7BDD4 /* UIImageView.swift */ = {isa = PBXFileReference; lastKnownFileType = sourcecode.swift; path = UIImageView.swift; sourceTree = "<group>"; };
		D7991C3C7888D01D141A518F /* Pods_MobiWeather.framework */ = {isa = PBXFileReference; explicitFileType = wrapper.framework; includeInIndex = 0; path = Pods_MobiWeather.framework; sourceTree = BUILT_PRODUCTS_DIR; };
		FC8CB1F2D9B557A25557882E /* Pods-MobiWeather.stage.xcconfig */ = {isa = PBXFileReference; includeInIndex = 1; lastKnownFileType = text.xcconfig; name = "Pods-MobiWeather.stage.xcconfig"; path = "Pods/Target Support Files/Pods-MobiWeather/Pods-MobiWeather.stage.xcconfig"; sourceTree = "<group>"; };
/* End PBXFileReference section */

/* Begin PBXFrameworksBuildPhase section */
		7FD1253A216DC51A000C96B9 /* Frameworks */ = {
			isa = PBXFrameworksBuildPhase;
			buildActionMask = 2147483647;
			files = (
				2CBD42E2804CC45640DD5EED /* Pods_MobiWeather.framework in Frameworks */,
			);
			runOnlyForDeploymentPostprocessing = 0;
		};
		7FD1254E216DC51B000C96B9 /* Frameworks */ = {
			isa = PBXFrameworksBuildPhase;
			buildActionMask = 2147483647;
			files = (
				FBCC3D29DE933C56F57A24BD /* Pods_MobiWeatherTests.framework in Frameworks */,
			);
			runOnlyForDeploymentPostprocessing = 0;
		};
/* End PBXFrameworksBuildPhase section */

/* Begin PBXGroup section */
		7F5E0E082170C021008DFFDE /* StubbedResponses */ = {
			isa = PBXGroup;
			children = (
				7F5E0E092170C088008DFFDE /* WeatherStubbed.json */,
			);
			path = StubbedResponses;
			sourceTree = "<group>";
		};
		7F8BF01621745F71006EB88E /* NetworkTests */ = {
			isa = PBXGroup;
			children = (
				7F8BF01721745F8F006EB88E /* MobiAPITests.swift */,
			);
			path = NetworkTests;
			sourceTree = "<group>";
		};
		7F976E26216DD5E0003D2F6E /* Managers */ = {
			isa = PBXGroup;
			children = (
				7F976E27216DD5EB003D2F6E /* Network */,
				7F976E4F216F6E5B003D2F6E /* LocalStorageManager.swift */,
			);
			path = Managers;
			sourceTree = "<group>";
		};
		7F976E27216DD5EB003D2F6E /* Network */ = {
			isa = PBXGroup;
			children = (
				7F5E0E082170C021008DFFDE /* StubbedResponses */,
				7F976E28216DD60F003D2F6E /* MobiAPIProvider.swift */,
				7F976E30216DD8E7003D2F6E /* MobiNetworkService.swift */,
			);
			path = Network;
			sourceTree = "<group>";
		};
		7F976E2A216DD76F003D2F6E /* Constants */ = {
			isa = PBXGroup;
			children = (
				7F976E2B216DD787003D2F6E /* MobiConsts.swift */,
				D53FBBE1216E6152007CEC3F /* MobiBoard.swift */,
			);
			path = Constants;
			sourceTree = "<group>";
		};
		7F976E2D216DD7E8003D2F6E /* Extensions */ = {
			isa = PBXGroup;
			children = (
				7F976E2E216DD7F6003D2F6E /* String.swift */,
				D53FBBE3216E61B1007CEC3F /* UIViewController.swift */,
				7F976E45216F2C3F003D2F6E /* CLLocationCoordinate2D.swift */,
				7F976E4A216F4D4F003D2F6E /* Double.swift */,
				7F976E53216F73E1003D2F6E /* Dictionary.swift */,
				D5999EF42170FC9300B7BDD4 /* UIImageView.swift */,
			);
			path = Extensions;
			sourceTree = "<group>";
		};
		7F976E32216DF913003D2F6E /* Models */ = {
			isa = PBXGroup;
			children = (
				7F976E33216E0246003D2F6E /* Weather.swift */,
				7F5E0E0421707BF5008DFFDE /* WeatherForecast.swift */,
				7F5E0E0221704E45008DFFDE /* WeatherTypes.swift */,
				7F976E43216F1040003D2F6E /* Annotation.swift */,
				7F976E51216F6FE6003D2F6E /* LocalLocation.swift */,
				7F5E0E0621709992008DFFDE /* City.swift */,
			);
			path = Models;
			sourceTree = "<group>";
		};
		7F976E35216E0A39003D2F6E /* Modules */ = {
			isa = PBXGroup;
			children = (
				7F976E37216E0A5D003D2F6E /* Launch */,
				D53FBBDE216E451D007CEC3F /* Home */,
				7F976E4C216F66D3003D2F6E /* CityDetail */,
				7F976E40216EFF34003D2F6E /* LocationPicker */,
			);
			path = Modules;
			sourceTree = "<group>";
		};
		7F976E37216E0A5D003D2F6E /* Launch */ = {
			isa = PBXGroup;
			children = (
				7F976E38216E0A71003D2F6E /* LaunchViewController.swift */,
			);
			path = Launch;
			sourceTree = "<group>";
		};
		7F976E3A216E0ABA003D2F6E /* Customs */ = {
			isa = PBXGroup;
			children = (
				7F976E3B216E0ACF003D2F6E /* Controllers */,
			);
			path = Customs;
			sourceTree = "<group>";
		};
		7F976E3B216E0ACF003D2F6E /* Controllers */ = {
			isa = PBXGroup;
			children = (
				7F976E3C216E0AE1003D2F6E /* MobiBaseViewController.swift */,
			);
			path = Controllers;
			sourceTree = "<group>";
		};
		7F976E40216EFF34003D2F6E /* LocationPicker */ = {
			isa = PBXGroup;
			children = (
				7F976E41216EFF4D003D2F6E /* LocationPickerViewController.swift */,
			);
			path = LocationPicker;
			sourceTree = "<group>";
		};
		7F976E47216F2E60003D2F6E /* Cells */ = {
			isa = PBXGroup;
			children = (
				7F976E48216F2E88003D2F6E /* HomeWeatherLocationTableViewCell.swift */,
			);
			path = Cells;
			sourceTree = "<group>";
		};
		7F976E4C216F66D3003D2F6E /* CityDetail */ = {
			isa = PBXGroup;
			children = (
				D5999EF12170F84F00B7BDD4 /* Cells */,
				7F976E4D216F66F6003D2F6E /* CityDetailViewController.swift */,
			);
			path = CityDetail;
			sourceTree = "<group>";
		};
		7FD12534216DC51A000C96B9 = {
			isa = PBXGroup;
			children = (
				7FD1253F216DC51A000C96B9 /* MobiWeather */,
				7FD12554216DC51B000C96B9 /* MobiWeatherTests */,
				7FD1253E216DC51A000C96B9 /* Products */,
				A3F58B52007AD5783C65A021 /* Pods */,
				D8871F1C80D1F1A602A6B4A5 /* Frameworks */,
			);
			sourceTree = "<group>";
		};
		7FD1253E216DC51A000C96B9 /* Products */ = {
			isa = PBXGroup;
			children = (
				7FD1253D216DC51A000C96B9 /* MobiWeather-Dev.app */,
				7FD12551216DC51B000C96B9 /* MobiWeatherTests.xctest */,
			);
			name = Products;
			sourceTree = "<group>";
		};
		7FD1253F216DC51A000C96B9 /* MobiWeather */ = {
			isa = PBXGroup;
			children = (
				7FD12569216DC87C000C96B9 /* Configuration */,
				7F976E2A216DD76F003D2F6E /* Constants */,
				7F976E32216DF913003D2F6E /* Models */,
				D53FBBE5216E642D007CEC3F /* Utils */,
				7F976E3A216E0ABA003D2F6E /* Customs */,
				7F976E35216E0A39003D2F6E /* Modules */,
				7FD12562216DC712000C96B9 /* Storyboards */,
				7FD12561216DC708000C96B9 /* Resources */,
				7FD12560216DC6F7000C96B9 /* SupportingFiles */,
			);
			path = MobiWeather;
			sourceTree = "<group>";
		};
		7FD12554216DC51B000C96B9 /* MobiWeatherTests */ = {
			isa = PBXGroup;
			children = (
				7FD12555216DC51B000C96B9 /* MobiWeatherTests.swift */,
				7F8BF01621745F71006EB88E /* NetworkTests */,
				D562C1442171BCCE00A7A557 /* ExtensionsTests */,
				7FD12557216DC51B000C96B9 /* Info.plist */,
			);
			path = MobiWeatherTests;
			sourceTree = "<group>";
		};
		7FD12560216DC6F7000C96B9 /* SupportingFiles */ = {
			isa = PBXGroup;
			children = (
				7FD12540216DC51A000C96B9 /* AppDelegate.swift */,
				7FD1254C216DC51B000C96B9 /* Info.plist */,
			);
			path = SupportingFiles;
			sourceTree = "<group>";
		};
		7FD12561216DC708000C96B9 /* Resources */ = {
			isa = PBXGroup;
			children = (
				7FD12547216DC51B000C96B9 /* Assets.xcassets */,
			);
			path = Resources;
			sourceTree = "<group>";
		};
		7FD12562216DC712000C96B9 /* Storyboards */ = {
			isa = PBXGroup;
			children = (
				7FD12549216DC51B000C96B9 /* LaunchScreen.storyboard */,
				7FD12544216DC51A000C96B9 /* Main.storyboard */,
				7F976E3E216EFD67003D2F6E /* LocationPicker.storyboard */,
			);
			path = Storyboards;
			sourceTree = "<group>";
		};
		7FD12569216DC87C000C96B9 /* Configuration */ = {
			isa = PBXGroup;
			children = (
				7FD1256A216DC8B8000C96B9 /* Configuration.swift */,
				7FD1256C216DC8D7000C96B9 /* Environment.swift */,
			);
			path = Configuration;
			sourceTree = "<group>";
		};
		A3F58B52007AD5783C65A021 /* Pods */ = {
			isa = PBXGroup;
			children = (
				B560CF9048AC02C555D55E2F /* Pods-MobiWeather.dev.xcconfig */,
				801581CE5B412630028944CF /* Pods-MobiWeather.release.xcconfig */,
				FC8CB1F2D9B557A25557882E /* Pods-MobiWeather.stage.xcconfig */,
				A1B2F2D991C10FB118AB8C30 /* Pods-MobiWeatherTests.dev.xcconfig */,
				508EE9555045D76FEE3353A4 /* Pods-MobiWeatherTests.release.xcconfig */,
				8A5194FB666892032BEDB1A2 /* Pods-MobiWeatherTests.stage.xcconfig */,
			);
			name = Pods;
			sourceTree = "<group>";
		};
		D53FBBDE216E451D007CEC3F /* Home */ = {
			isa = PBXGroup;
			children = (
				7F976E47216F2E60003D2F6E /* Cells */,
				D53FBBDF216E4532007CEC3F /* HomeViewController.swift */,
			);
			path = Home;
			sourceTree = "<group>";
		};
		D53FBBE5216E642D007CEC3F /* Utils */ = {
			isa = PBXGroup;
			children = (
				7F976E2D216DD7E8003D2F6E /* Extensions */,
				7F976E26216DD5E0003D2F6E /* Managers */,
			);
			path = Utils;
			sourceTree = "<group>";
		};
		D562C1442171BCCE00A7A557 /* ExtensionsTests */ = {
			isa = PBXGroup;
			children = (
				D562C1402171BAC100A7A557 /* StringExtensionTests.swift */,
				D562C1422171BC2400A7A557 /* CLLocationExtensionTests.swift */,
				D562C1452171BCE100A7A557 /* DoubleTests.swift */,
				D562C1482171C0BE00A7A557 /* DictionaryTests.swift */,
			);
			path = ExtensionsTests;
			sourceTree = "<group>";
		};
		D5999EF12170F84F00B7BDD4 /* Cells */ = {
			isa = PBXGroup;
			children = (
				D5999EF22170F86F00B7BDD4 /* ForecastListCollectionViewCell.swift */,
			);
			path = Cells;
			sourceTree = "<group>";
		};
		D8871F1C80D1F1A602A6B4A5 /* Frameworks */ = {
			isa = PBXGroup;
			children = (
				D7991C3C7888D01D141A518F /* Pods_MobiWeather.framework */,
				1C03D5C45E1EE71AA4440EDA /* Pods_MobiWeatherTests.framework */,
			);
			name = Frameworks;
			sourceTree = "<group>";
		};
/* End PBXGroup section */

/* Begin PBXNativeTarget section */
		7FD1253C216DC51A000C96B9 /* MobiWeather */ = {
			isa = PBXNativeTarget;
			buildConfigurationList = 7FD1255A216DC51B000C96B9 /* Build configuration list for PBXNativeTarget "MobiWeather" */;
			buildPhases = (
				DCBCA462102C8DD0E6485A72 /* [CP] Check Pods Manifest.lock */,
				7FD12539216DC51A000C96B9 /* Sources */,
				7FD1253A216DC51A000C96B9 /* Frameworks */,
				7FD1253B216DC51A000C96B9 /* Resources */,
				AD6E955EDA46E256B352DDEE /* [CP] Embed Pods Frameworks */,
			);
			buildRules = (
			);
			dependencies = (
			);
			name = MobiWeather;
			productName = MobiWeather;
			productReference = 7FD1253D216DC51A000C96B9 /* MobiWeather-Dev.app */;
			productType = "com.apple.product-type.application";
		};
		7FD12550216DC51B000C96B9 /* MobiWeatherTests */ = {
			isa = PBXNativeTarget;
			buildConfigurationList = 7FD1255D216DC51B000C96B9 /* Build configuration list for PBXNativeTarget "MobiWeatherTests" */;
			buildPhases = (
				02E9C700DFA2C184F35C920C /* [CP] Check Pods Manifest.lock */,
				7FD1254D216DC51B000C96B9 /* Sources */,
				7FD1254E216DC51B000C96B9 /* Frameworks */,
				7FD1254F216DC51B000C96B9 /* Resources */,
			);
			buildRules = (
			);
			dependencies = (
				7FD12553216DC51B000C96B9 /* PBXTargetDependency */,
			);
			name = MobiWeatherTests;
			productName = MobiWeatherTests;
			productReference = 7FD12551216DC51B000C96B9 /* MobiWeatherTests.xctest */;
			productType = "com.apple.product-type.bundle.unit-test";
		};
/* End PBXNativeTarget section */

/* Begin PBXProject section */
		7FD12535216DC51A000C96B9 /* Project object */ = {
			isa = PBXProject;
			attributes = {
				LastSwiftUpdateCheck = 1000;
				LastUpgradeCheck = 1000;
				ORGANIZATIONNAME = "Parth Adroja";
				TargetAttributes = {
					7FD1253C216DC51A000C96B9 = {
						CreatedOnToolsVersion = 10.0;
					};
					7FD12550216DC51B000C96B9 = {
						CreatedOnToolsVersion = 10.0;
						TestTargetID = 7FD1253C216DC51A000C96B9;
					};
				};
			};
			buildConfigurationList = 7FD12538216DC51A000C96B9 /* Build configuration list for PBXProject "MobiWeather" */;
			compatibilityVersion = "Xcode 9.3";
			developmentRegion = en;
			hasScannedForEncodings = 0;
			knownRegions = (
				en,
				Base,
			);
			mainGroup = 7FD12534216DC51A000C96B9;
			productRefGroup = 7FD1253E216DC51A000C96B9 /* Products */;
			projectDirPath = "";
			projectRoot = "";
			targets = (
				7FD1253C216DC51A000C96B9 /* MobiWeather */,
				7FD12550216DC51B000C96B9 /* MobiWeatherTests */,
			);
		};
/* End PBXProject section */

/* Begin PBXResourcesBuildPhase section */
		7FD1253B216DC51A000C96B9 /* Resources */ = {
			isa = PBXResourcesBuildPhase;
			buildActionMask = 2147483647;
			files = (
				7FD1254B216DC51B000C96B9 /* LaunchScreen.storyboard in Resources */,
				7FD12548216DC51B000C96B9 /* Assets.xcassets in Resources */,
				7FD12546216DC51A000C96B9 /* Main.storyboard in Resources */,
				7F976E3F216EFD67003D2F6E /* LocationPicker.storyboard in Resources */,
				7F5E0E0A2170C088008DFFDE /* WeatherStubbed.json in Resources */,
			);
			runOnlyForDeploymentPostprocessing = 0;
		};
		7FD1254F216DC51B000C96B9 /* Resources */ = {
			isa = PBXResourcesBuildPhase;
			buildActionMask = 2147483647;
			files = (
			);
			runOnlyForDeploymentPostprocessing = 0;
		};
/* End PBXResourcesBuildPhase section */

/* Begin PBXShellScriptBuildPhase section */
		02E9C700DFA2C184F35C920C /* [CP] Check Pods Manifest.lock */ = {
			isa = PBXShellScriptBuildPhase;
			buildActionMask = 2147483647;
			files = (
			);
			inputPaths = (
				"${PODS_PODFILE_DIR_PATH}/Podfile.lock",
				"${PODS_ROOT}/Manifest.lock",
			);
			name = "[CP] Check Pods Manifest.lock";
			outputPaths = (
				"$(DERIVED_FILE_DIR)/Pods-MobiWeatherTests-checkManifestLockResult.txt",
			);
			runOnlyForDeploymentPostprocessing = 0;
			shellPath = /bin/sh;
			shellScript = "diff \"${PODS_PODFILE_DIR_PATH}/Podfile.lock\" \"${PODS_ROOT}/Manifest.lock\" > /dev/null\nif [ $? != 0 ] ; then\n    # print error to STDERR\n    echo \"error: The sandbox is not in sync with the Podfile.lock. Run 'pod install' or update your CocoaPods installation.\" >&2\n    exit 1\nfi\n# This output is used by Xcode 'outputs' to avoid re-running this script phase.\necho \"SUCCESS\" > \"${SCRIPT_OUTPUT_FILE_0}\"\n";
			showEnvVarsInLog = 0;
		};
		AD6E955EDA46E256B352DDEE /* [CP] Embed Pods Frameworks */ = {
			isa = PBXShellScriptBuildPhase;
			buildActionMask = 2147483647;
			files = (
			);
			inputPaths = (
				"${SRCROOT}/Pods/Target Support Files/Pods-MobiWeather/Pods-MobiWeather-frameworks.sh",
				"${BUILT_PRODUCTS_DIR}/Alamofire/Alamofire.framework",
				"${BUILT_PRODUCTS_DIR}/Hero/Hero.framework",
				"${BUILT_PRODUCTS_DIR}/Kingfisher/Kingfisher.framework",
				"${BUILT_PRODUCTS_DIR}/Moya/Moya.framework",
				"${BUILT_PRODUCTS_DIR}/Moya-ObjectMapper/Moya_ObjectMapper.framework",
				"${BUILT_PRODUCTS_DIR}/ObjectMapper/ObjectMapper.framework",
				"${BUILT_PRODUCTS_DIR}/Result/Result.framework",
				"${BUILT_PRODUCTS_DIR}/SVProgressHUD/SVProgressHUD.framework",
				"${BUILT_PRODUCTS_DIR}/SwiftyUserDefaults/SwiftyUserDefaults.framework",
			);
			name = "[CP] Embed Pods Frameworks";
			outputPaths = (
				"${TARGET_BUILD_DIR}/${FRAMEWORKS_FOLDER_PATH}/Alamofire.framework",
				"${TARGET_BUILD_DIR}/${FRAMEWORKS_FOLDER_PATH}/Hero.framework",
				"${TARGET_BUILD_DIR}/${FRAMEWORKS_FOLDER_PATH}/Kingfisher.framework",
				"${TARGET_BUILD_DIR}/${FRAMEWORKS_FOLDER_PATH}/Moya.framework",
				"${TARGET_BUILD_DIR}/${FRAMEWORKS_FOLDER_PATH}/Moya_ObjectMapper.framework",
				"${TARGET_BUILD_DIR}/${FRAMEWORKS_FOLDER_PATH}/ObjectMapper.framework",
				"${TARGET_BUILD_DIR}/${FRAMEWORKS_FOLDER_PATH}/Result.framework",
				"${TARGET_BUILD_DIR}/${FRAMEWORKS_FOLDER_PATH}/SVProgressHUD.framework",
				"${TARGET_BUILD_DIR}/${FRAMEWORKS_FOLDER_PATH}/SwiftyUserDefaults.framework",
			);
			runOnlyForDeploymentPostprocessing = 0;
			shellPath = /bin/sh;
			shellScript = "\"${SRCROOT}/Pods/Target Support Files/Pods-MobiWeather/Pods-MobiWeather-frameworks.sh\"\n";
			showEnvVarsInLog = 0;
		};
		DCBCA462102C8DD0E6485A72 /* [CP] Check Pods Manifest.lock */ = {
			isa = PBXShellScriptBuildPhase;
			buildActionMask = 2147483647;
			files = (
			);
			inputPaths = (
				"${PODS_PODFILE_DIR_PATH}/Podfile.lock",
				"${PODS_ROOT}/Manifest.lock",
			);
			name = "[CP] Check Pods Manifest.lock";
			outputPaths = (
				"$(DERIVED_FILE_DIR)/Pods-MobiWeather-checkManifestLockResult.txt",
			);
			runOnlyForDeploymentPostprocessing = 0;
			shellPath = /bin/sh;
			shellScript = "diff \"${PODS_PODFILE_DIR_PATH}/Podfile.lock\" \"${PODS_ROOT}/Manifest.lock\" > /dev/null\nif [ $? != 0 ] ; then\n    # print error to STDERR\n    echo \"error: The sandbox is not in sync with the Podfile.lock. Run 'pod install' or update your CocoaPods installation.\" >&2\n    exit 1\nfi\n# This output is used by Xcode 'outputs' to avoid re-running this script phase.\necho \"SUCCESS\" > \"${SCRIPT_OUTPUT_FILE_0}\"\n";
			showEnvVarsInLog = 0;
		};
/* End PBXShellScriptBuildPhase section */

/* Begin PBXSourcesBuildPhase section */
		7FD12539216DC51A000C96B9 /* Sources */ = {
			isa = PBXSourcesBuildPhase;
			buildActionMask = 2147483647;
			files = (
				7F976E3D216E0AE1003D2F6E /* MobiBaseViewController.swift in Sources */,
				D5999EF52170FC9300B7BDD4 /* UIImageView.swift in Sources */,
				7F976E52216F6FE6003D2F6E /* LocalLocation.swift in Sources */,
				7F976E44216F1040003D2F6E /* Annotation.swift in Sources */,
				7F976E42216EFF4D003D2F6E /* LocationPickerViewController.swift in Sources */,
				7F976E34216E0246003D2F6E /* Weather.swift in Sources */,
				D5999EF32170F86F00B7BDD4 /* ForecastListCollectionViewCell.swift in Sources */,
				7F976E2F216DD7F6003D2F6E /* String.swift in Sources */,
				7F5E0E0721709992008DFFDE /* City.swift in Sources */,
				7F976E29216DD60F003D2F6E /* MobiAPIProvider.swift in Sources */,
				7FD1256B216DC8B8000C96B9 /* Configuration.swift in Sources */,
				7F976E50216F6E5B003D2F6E /* LocalStorageManager.swift in Sources */,
				7F976E31216DD8E7003D2F6E /* MobiNetworkService.swift in Sources */,
				7F976E2C216DD787003D2F6E /* MobiConsts.swift in Sources */,
				7F976E49216F2E88003D2F6E /* HomeWeatherLocationTableViewCell.swift in Sources */,
				D53FBBE4216E61B1007CEC3F /* UIViewController.swift in Sources */,
				7F5E0E0321704E45008DFFDE /* WeatherTypes.swift in Sources */,
				D53FBBE0216E4532007CEC3F /* HomeViewController.swift in Sources */,
				7F5E0E0521707BF5008DFFDE /* WeatherForecast.swift in Sources */,
				7FD1256D216DC8D7000C96B9 /* Environment.swift in Sources */,
				7F976E54216F73E1003D2F6E /* Dictionary.swift in Sources */,
				D53FBBE2216E6152007CEC3F /* MobiBoard.swift in Sources */,
				7F976E46216F2C3F003D2F6E /* CLLocationCoordinate2D.swift in Sources */,
				7F976E39216E0A71003D2F6E /* LaunchViewController.swift in Sources */,
				7F976E4E216F66F6003D2F6E /* CityDetailViewController.swift in Sources */,
				7F976E4B216F4D4F003D2F6E /* Double.swift in Sources */,
				7FD12541216DC51A000C96B9 /* AppDelegate.swift in Sources */,
			);
			runOnlyForDeploymentPostprocessing = 0;
		};
		7FD1254D216DC51B000C96B9 /* Sources */ = {
			isa = PBXSourcesBuildPhase;
			buildActionMask = 2147483647;
			files = (
				D562C1492171C0BE00A7A557 /* DictionaryTests.swift in Sources */,
				7F8BF01821745F8F006EB88E /* MobiAPITests.swift in Sources */,
				D562C1412171BAC100A7A557 /* StringExtensionTests.swift in Sources */,
				D562C1432171BC2400A7A557 /* CLLocationExtensionTests.swift in Sources */,
				D562C1462171BCE100A7A557 /* DoubleTests.swift in Sources */,
				7FD12556216DC51B000C96B9 /* MobiWeatherTests.swift in Sources */,
			);
			runOnlyForDeploymentPostprocessing = 0;
		};
/* End PBXSourcesBuildPhase section */

/* Begin PBXTargetDependency section */
		7FD12553216DC51B000C96B9 /* PBXTargetDependency */ = {
			isa = PBXTargetDependency;
			target = 7FD1253C216DC51A000C96B9 /* MobiWeather */;
			targetProxy = 7FD12552216DC51B000C96B9 /* PBXContainerItemProxy */;
		};
/* End PBXTargetDependency section */

/* Begin PBXVariantGroup section */
		7FD12544216DC51A000C96B9 /* Main.storyboard */ = {
			isa = PBXVariantGroup;
			children = (
				7FD12545216DC51A000C96B9 /* Base */,
			);
			name = Main.storyboard;
			sourceTree = "<group>";
		};
		7FD12549216DC51B000C96B9 /* LaunchScreen.storyboard */ = {
			isa = PBXVariantGroup;
			children = (
				7FD1254A216DC51B000C96B9 /* Base */,
			);
			name = LaunchScreen.storyboard;
			sourceTree = "<group>";
		};
/* End PBXVariantGroup section */

/* Begin XCBuildConfiguration section */
		7FD12558216DC51B000C96B9 /* Dev */ = {
			isa = XCBuildConfiguration;
			buildSettings = {
				ALWAYS_SEARCH_USER_PATHS = NO;
				CLANG_ANALYZER_NONNULL = YES;
				CLANG_ANALYZER_NUMBER_OBJECT_CONVERSION = YES_AGGRESSIVE;
				CLANG_CXX_LANGUAGE_STANDARD = "gnu++14";
				CLANG_CXX_LIBRARY = "libc++";
				CLANG_ENABLE_MODULES = YES;
				CLANG_ENABLE_OBJC_ARC = YES;
				CLANG_ENABLE_OBJC_WEAK = YES;
				CLANG_WARN_BLOCK_CAPTURE_AUTORELEASING = YES;
				CLANG_WARN_BOOL_CONVERSION = YES;
				CLANG_WARN_COMMA = YES;
				CLANG_WARN_CONSTANT_CONVERSION = YES;
				CLANG_WARN_DEPRECATED_OBJC_IMPLEMENTATIONS = YES;
				CLANG_WARN_DIRECT_OBJC_ISA_USAGE = YES_ERROR;
				CLANG_WARN_DOCUMENTATION_COMMENTS = YES;
				CLANG_WARN_EMPTY_BODY = YES;
				CLANG_WARN_ENUM_CONVERSION = YES;
				CLANG_WARN_INFINITE_RECURSION = YES;
				CLANG_WARN_INT_CONVERSION = YES;
				CLANG_WARN_NON_LITERAL_NULL_CONVERSION = YES;
				CLANG_WARN_OBJC_IMPLICIT_RETAIN_SELF = YES;
				CLANG_WARN_OBJC_LITERAL_CONVERSION = YES;
				CLANG_WARN_OBJC_ROOT_CLASS = YES_ERROR;
				CLANG_WARN_RANGE_LOOP_ANALYSIS = YES;
				CLANG_WARN_STRICT_PROTOTYPES = YES;
				CLANG_WARN_SUSPICIOUS_MOVE = YES;
				CLANG_WARN_UNGUARDED_AVAILABILITY = YES_AGGRESSIVE;
				CLANG_WARN_UNREACHABLE_CODE = YES;
				CLANG_WARN__DUPLICATE_METHOD_MATCH = YES;
				CODE_SIGN_IDENTITY = "iPhone Developer";
				COPY_PHASE_STRIP = NO;
				DEBUG_INFORMATION_FORMAT = dwarf;
				ENABLE_STRICT_OBJC_MSGSEND = YES;
				ENABLE_TESTABILITY = YES;
				GCC_C_LANGUAGE_STANDARD = gnu11;
				GCC_DYNAMIC_NO_PIC = NO;
				GCC_NO_COMMON_BLOCKS = YES;
				GCC_OPTIMIZATION_LEVEL = 0;
				GCC_PREPROCESSOR_DEFINITIONS = (
					"DEBUG=1",
					"$(inherited)",
				);
				GCC_WARN_64_TO_32_BIT_CONVERSION = YES;
				GCC_WARN_ABOUT_RETURN_TYPE = YES_ERROR;
				GCC_WARN_UNDECLARED_SELECTOR = YES;
				GCC_WARN_UNINITIALIZED_AUTOS = YES_AGGRESSIVE;
				GCC_WARN_UNUSED_FUNCTION = YES;
				GCC_WARN_UNUSED_VARIABLE = YES;
				IPHONEOS_DEPLOYMENT_TARGET = 12.0;
				MTL_ENABLE_DEBUG_INFO = INCLUDE_SOURCE;
				MTL_FAST_MATH = YES;
				ONLY_ACTIVE_ARCH = YES;
				SDKROOT = iphoneos;
				SWIFT_ACTIVE_COMPILATION_CONDITIONS = DEBUG;
				SWIFT_OPTIMIZATION_LEVEL = "-Onone";
			};
			name = Dev;
		};
		7FD1255B216DC51B000C96B9 /* Dev */ = {
			isa = XCBuildConfiguration;
			baseConfigurationReference = B560CF9048AC02C555D55E2F /* Pods-MobiWeather.dev.xcconfig */;
			buildSettings = {
				ASSETCATALOG_COMPILER_APPICON_NAME = AppIcon;
				CODE_SIGN_IDENTITY = "iPhone Developer";
				CODE_SIGN_STYLE = Automatic;
				DEVELOPMENT_TEAM = 9MXB9EHJSS;
				INFOPLIST_FILE = "$(SRCROOT)/MobiWeather/SupportingFiles/Info.plist";
				IPHONEOS_DEPLOYMENT_TARGET = 10.0;
				LD_RUNPATH_SEARCH_PATHS = (
					"$(inherited)",
					"@executable_path/Frameworks",
				);
				PRODUCT_BUNDLE_IDENTIFIER = com.mobi.MobiWeather;
				PRODUCT_NAME = "MobiWeather-Dev";
				PROVISIONING_PROFILE_SPECIFIER = "";
				SWIFT_VERSION = 4.2;
				TARGETED_DEVICE_FAMILY = "1,2";
			};
			name = Dev;
		};
		7FD1255E216DC51B000C96B9 /* Dev */ = {
			isa = XCBuildConfiguration;
			baseConfigurationReference = A1B2F2D991C10FB118AB8C30 /* Pods-MobiWeatherTests.dev.xcconfig */;
			buildSettings = {
				ALWAYS_EMBED_SWIFT_STANDARD_LIBRARIES = YES;
				BUNDLE_LOADER = "$(TEST_HOST)";
				CODE_SIGN_STYLE = Automatic;
				INFOPLIST_FILE = MobiWeatherTests/Info.plist;
				LD_RUNPATH_SEARCH_PATHS = (
					"$(inherited)",
					"@executable_path/Frameworks",
					"@loader_path/Frameworks",
				);
				PRODUCT_BUNDLE_IDENTIFIER = com.mobi.MobiWeatherTests;
				PRODUCT_NAME = "$(TARGET_NAME)";
				SWIFT_VERSION = 4.2;
				TARGETED_DEVICE_FAMILY = "1,2";
				TEST_HOST = "$(BUILT_PRODUCTS_DIR)/MobiWeather-Dev.app/MobiWeather-Dev";
			};
			name = Dev;
		};
		7FD12563216DC866000C96B9 /* Stage */ = {
			isa = XCBuildConfiguration;
			buildSettings = {
				ALWAYS_SEARCH_USER_PATHS = NO;
				CLANG_ANALYZER_NONNULL = YES;
				CLANG_ANALYZER_NUMBER_OBJECT_CONVERSION = YES_AGGRESSIVE;
				CLANG_CXX_LANGUAGE_STANDARD = "gnu++14";
				CLANG_CXX_LIBRARY = "libc++";
				CLANG_ENABLE_MODULES = YES;
				CLANG_ENABLE_OBJC_ARC = YES;
				CLANG_ENABLE_OBJC_WEAK = YES;
				CLANG_WARN_BLOCK_CAPTURE_AUTORELEASING = YES;
				CLANG_WARN_BOOL_CONVERSION = YES;
				CLANG_WARN_COMMA = YES;
				CLANG_WARN_CONSTANT_CONVERSION = YES;
				CLANG_WARN_DEPRECATED_OBJC_IMPLEMENTATIONS = YES;
				CLANG_WARN_DIRECT_OBJC_ISA_USAGE = YES_ERROR;
				CLANG_WARN_DOCUMENTATION_COMMENTS = YES;
				CLANG_WARN_EMPTY_BODY = YES;
				CLANG_WARN_ENUM_CONVERSION = YES;
				CLANG_WARN_INFINITE_RECURSION = YES;
				CLANG_WARN_INT_CONVERSION = YES;
				CLANG_WARN_NON_LITERAL_NULL_CONVERSION = YES;
				CLANG_WARN_OBJC_IMPLICIT_RETAIN_SELF = YES;
				CLANG_WARN_OBJC_LITERAL_CONVERSION = YES;
				CLANG_WARN_OBJC_ROOT_CLASS = YES_ERROR;
				CLANG_WARN_RANGE_LOOP_ANALYSIS = YES;
				CLANG_WARN_STRICT_PROTOTYPES = YES;
				CLANG_WARN_SUSPICIOUS_MOVE = YES;
				CLANG_WARN_UNGUARDED_AVAILABILITY = YES_AGGRESSIVE;
				CLANG_WARN_UNREACHABLE_CODE = YES;
				CLANG_WARN__DUPLICATE_METHOD_MATCH = YES;
				CODE_SIGN_IDENTITY = "iPhone Developer";
				COPY_PHASE_STRIP = NO;
				DEBUG_INFORMATION_FORMAT = dwarf;
				ENABLE_STRICT_OBJC_MSGSEND = YES;
				ENABLE_TESTABILITY = YES;
				GCC_C_LANGUAGE_STANDARD = gnu11;
				GCC_DYNAMIC_NO_PIC = NO;
				GCC_NO_COMMON_BLOCKS = YES;
				GCC_OPTIMIZATION_LEVEL = 0;
				GCC_PREPROCESSOR_DEFINITIONS = (
					"DEBUG=1",
					"$(inherited)",
				);
				GCC_WARN_64_TO_32_BIT_CONVERSION = YES;
				GCC_WARN_ABOUT_RETURN_TYPE = YES_ERROR;
				GCC_WARN_UNDECLARED_SELECTOR = YES;
				GCC_WARN_UNINITIALIZED_AUTOS = YES_AGGRESSIVE;
				GCC_WARN_UNUSED_FUNCTION = YES;
				GCC_WARN_UNUSED_VARIABLE = YES;
				IPHONEOS_DEPLOYMENT_TARGET = 12.0;
				MTL_ENABLE_DEBUG_INFO = INCLUDE_SOURCE;
				MTL_FAST_MATH = YES;
				ONLY_ACTIVE_ARCH = YES;
				SDKROOT = iphoneos;
				SWIFT_ACTIVE_COMPILATION_CONDITIONS = DEBUG;
				SWIFT_OPTIMIZATION_LEVEL = "-Onone";
			};
			name = Stage;
		};
		7FD12564216DC866000C96B9 /* Stage */ = {
			isa = XCBuildConfiguration;
			baseConfigurationReference = FC8CB1F2D9B557A25557882E /* Pods-MobiWeather.stage.xcconfig */;
			buildSettings = {
				ASSETCATALOG_COMPILER_APPICON_NAME = AppIcon;
				CODE_SIGN_IDENTITY = "iPhone Developer";
				CODE_SIGN_STYLE = Automatic;
				DEVELOPMENT_TEAM = 9MXB9EHJSS;
				INFOPLIST_FILE = "$(SRCROOT)/MobiWeather/SupportingFiles/Info.plist";
				IPHONEOS_DEPLOYMENT_TARGET = 10.0;
				LD_RUNPATH_SEARCH_PATHS = (
					"$(inherited)",
					"@executable_path/Frameworks",
				);
				PRODUCT_BUNDLE_IDENTIFIER = com.mobi.MobiWeather;
				PRODUCT_NAME = "MobiWeather-Stage";
				PROVISIONING_PROFILE_SPECIFIER = "";
				SWIFT_VERSION = 4.2;
				TARGETED_DEVICE_FAMILY = "1,2";
			};
			name = Stage;
		};
		7FD12565216DC866000C96B9 /* Stage */ = {
			isa = XCBuildConfiguration;
			baseConfigurationReference = 8A5194FB666892032BEDB1A2 /* Pods-MobiWeatherTests.stage.xcconfig */;
			buildSettings = {
				ALWAYS_EMBED_SWIFT_STANDARD_LIBRARIES = YES;
				BUNDLE_LOADER = "$(TEST_HOST)";
				CODE_SIGN_STYLE = Automatic;
				INFOPLIST_FILE = MobiWeatherTests/Info.plist;
				LD_RUNPATH_SEARCH_PATHS = (
					"$(inherited)",
					"@executable_path/Frameworks",
					"@loader_path/Frameworks",
				);
				PRODUCT_BUNDLE_IDENTIFIER = com.mobi.MobiWeatherTests;
				PRODUCT_NAME = "$(TARGET_NAME)";
				SWIFT_VERSION = 4.2;
				TARGETED_DEVICE_FAMILY = "1,2";
				TEST_HOST = "$(BUILT_PRODUCTS_DIR)/MobiWeather-Dev.app/MobiWeather-Dev";
			};
			name = Stage;
		};
		7FD12566216DC86C000C96B9 /* Release */ = {
			isa = XCBuildConfiguration;
			buildSettings = {
				ALWAYS_SEARCH_USER_PATHS = NO;
				CLANG_ANALYZER_NONNULL = YES;
				CLANG_ANALYZER_NUMBER_OBJECT_CONVERSION = YES_AGGRESSIVE;
				CLANG_CXX_LANGUAGE_STANDARD = "gnu++14";
				CLANG_CXX_LIBRARY = "libc++";
				CLANG_ENABLE_MODULES = YES;
				CLANG_ENABLE_OBJC_ARC = YES;
				CLANG_ENABLE_OBJC_WEAK = YES;
				CLANG_WARN_BLOCK_CAPTURE_AUTORELEASING = YES;
				CLANG_WARN_BOOL_CONVERSION = YES;
				CLANG_WARN_COMMA = YES;
				CLANG_WARN_CONSTANT_CONVERSION = YES;
				CLANG_WARN_DEPRECATED_OBJC_IMPLEMENTATIONS = YES;
				CLANG_WARN_DIRECT_OBJC_ISA_USAGE = YES_ERROR;
				CLANG_WARN_DOCUMENTATION_COMMENTS = YES;
				CLANG_WARN_EMPTY_BODY = YES;
				CLANG_WARN_ENUM_CONVERSION = YES;
				CLANG_WARN_INFINITE_RECURSION = YES;
				CLANG_WARN_INT_CONVERSION = YES;
				CLANG_WARN_NON_LITERAL_NULL_CONVERSION = YES;
				CLANG_WARN_OBJC_IMPLICIT_RETAIN_SELF = YES;
				CLANG_WARN_OBJC_LITERAL_CONVERSION = YES;
				CLANG_WARN_OBJC_ROOT_CLASS = YES_ERROR;
				CLANG_WARN_RANGE_LOOP_ANALYSIS = YES;
				CLANG_WARN_STRICT_PROTOTYPES = YES;
				CLANG_WARN_SUSPICIOUS_MOVE = YES;
				CLANG_WARN_UNGUARDED_AVAILABILITY = YES_AGGRESSIVE;
				CLANG_WARN_UNREACHABLE_CODE = YES;
				CLANG_WARN__DUPLICATE_METHOD_MATCH = YES;
				CODE_SIGN_IDENTITY = "iPhone Developer";
				COPY_PHASE_STRIP = NO;
				DEBUG_INFORMATION_FORMAT = dwarf;
				ENABLE_STRICT_OBJC_MSGSEND = YES;
				ENABLE_TESTABILITY = YES;
				GCC_C_LANGUAGE_STANDARD = gnu11;
				GCC_DYNAMIC_NO_PIC = NO;
				GCC_NO_COMMON_BLOCKS = YES;
				GCC_OPTIMIZATION_LEVEL = 0;
				GCC_PREPROCESSOR_DEFINITIONS = (
					"DEBUG=1",
					"$(inherited)",
				);
				GCC_WARN_64_TO_32_BIT_CONVERSION = YES;
				GCC_WARN_ABOUT_RETURN_TYPE = YES_ERROR;
				GCC_WARN_UNDECLARED_SELECTOR = YES;
				GCC_WARN_UNINITIALIZED_AUTOS = YES_AGGRESSIVE;
				GCC_WARN_UNUSED_FUNCTION = YES;
				GCC_WARN_UNUSED_VARIABLE = YES;
				IPHONEOS_DEPLOYMENT_TARGET = 12.0;
				MTL_ENABLE_DEBUG_INFO = INCLUDE_SOURCE;
				MTL_FAST_MATH = YES;
				ONLY_ACTIVE_ARCH = YES;
				SDKROOT = iphoneos;
				SWIFT_ACTIVE_COMPILATION_CONDITIONS = DEBUG;
				SWIFT_COMPILATION_MODE = wholemodule;
				SWIFT_OPTIMIZATION_LEVEL = "-Onone";
			};
			name = Release;
		};
		7FD12567216DC86C000C96B9 /* Release */ = {
			isa = XCBuildConfiguration;
			baseConfigurationReference = 801581CE5B412630028944CF /* Pods-MobiWeather.release.xcconfig */;
			buildSettings = {
				ASSETCATALOG_COMPILER_APPICON_NAME = AppIcon;
				CODE_SIGN_IDENTITY = "iPhone Developer";
				CODE_SIGN_STYLE = Automatic;
				DEVELOPMENT_TEAM = 9MXB9EHJSS;
				INFOPLIST_FILE = "$(SRCROOT)/MobiWeather/SupportingFiles/Info.plist";
				IPHONEOS_DEPLOYMENT_TARGET = 10.0;
				LD_RUNPATH_SEARCH_PATHS = (
					"$(inherited)",
					"@executable_path/Frameworks",
				);
				PRODUCT_BUNDLE_IDENTIFIER = com.mobi.MobiWeather;
				PRODUCT_NAME = MobiWeather;
				PROVISIONING_PROFILE_SPECIFIER = "";
				SWIFT_VERSION = 4.2;
				TARGETED_DEVICE_FAMILY = "1,2";
			};
			name = Release;
		};
		7FD12568216DC86C000C96B9 /* Release */ = {
			isa = XCBuildConfiguration;
			baseConfigurationReference = 508EE9555045D76FEE3353A4 /* Pods-MobiWeatherTests.release.xcconfig */;
			buildSettings = {
				ALWAYS_EMBED_SWIFT_STANDARD_LIBRARIES = YES;
				BUNDLE_LOADER = "$(TEST_HOST)";
				CODE_SIGN_STYLE = Automatic;
				INFOPLIST_FILE = MobiWeatherTests/Info.plist;
				LD_RUNPATH_SEARCH_PATHS = (
					"$(inherited)",
					"@executable_path/Frameworks",
					"@loader_path/Frameworks",
				);
				PRODUCT_BUNDLE_IDENTIFIER = com.mobi.MobiWeatherTests;
				PRODUCT_NAME = "$(TARGET_NAME)";
				SWIFT_VERSION = 4.2;
				TARGETED_DEVICE_FAMILY = "1,2";
				TEST_HOST = "$(BUILT_PRODUCTS_DIR)/MobiWeather-Dev.app/MobiWeather-Dev";
			};
			name = Release;
		};
/* End XCBuildConfiguration section */

/* Begin XCConfigurationList section */
		7FD12538216DC51A000C96B9 /* Build configuration list for PBXProject "MobiWeather" */ = {
			isa = XCConfigurationList;
			buildConfigurations = (
				7FD12558216DC51B000C96B9 /* Dev */,
				7FD12566216DC86C000C96B9 /* Release */,
				7FD12563216DC866000C96B9 /* Stage */,
			);
			defaultConfigurationIsVisible = 0;
			defaultConfigurationName = Dev;
		};
		7FD1255A216DC51B000C96B9 /* Build configuration list for PBXNativeTarget "MobiWeather" */ = {
			isa = XCConfigurationList;
			buildConfigurations = (
				7FD1255B216DC51B000C96B9 /* Dev */,
				7FD12567216DC86C000C96B9 /* Release */,
				7FD12564216DC866000C96B9 /* Stage */,
			);
			defaultConfigurationIsVisible = 0;
			defaultConfigurationName = Dev;
		};
		7FD1255D216DC51B000C96B9 /* Build configuration list for PBXNativeTarget "MobiWeatherTests" */ = {
			isa = XCConfigurationList;
			buildConfigurations = (
				7FD1255E216DC51B000C96B9 /* Dev */,
				7FD12568216DC86C000C96B9 /* Release */,
				7FD12565216DC866000C96B9 /* Stage */,
			);
			defaultConfigurationIsVisible = 0;
			defaultConfigurationName = Dev;
		};
/* End XCConfigurationList section */
	};
	rootObject = 7FD12535216DC51A000C96B9 /* Project object */;
}
