PODS:
  - Alamofire (4.7.3)
  - Hero (1.3.1)
  - Moya (11.0.2):
    - Moya/Core (= 11.0.2)
  - Moya-ObjectMapper (2.7):
    - Moya-ObjectMapper/Core (= 2.7)
  - Moya-ObjectMapper/Core (2.7):
    - Moya (~> 11)
    - ObjectMapper (~> 3.3)
  - Moya/Core (11.0.2):
    - Alamofire (~> 4.1)
    - Result (~> 3.0)
  - ObjectMapper (3.3.0)
  - Result (3.2.4)
  - SVProgressHUD (2.2.5)
  - SwiftLocation (3.2.3):
    - SwiftyJSON (~> 4.0.0-alpha.1)
  - SwiftyJSON (4.0.0)

DEPENDENCIES:
  - Hero
  - Moya
  - Moya-ObjectMapper
  - SVProgressHUD
  - SwiftLocation

SPEC REPOS:
  https://github.com/cocoapods/specs.git:
    - Alamofire
    - Hero
    - Moya
    - Moya-ObjectMapper
    - ObjectMapper
    - Result
    - SVProgressHUD
    - SwiftLocation
    - SwiftyJSON

SPEC CHECKSUMS:
  Alamofire: c7287b6e5d7da964a70935e5db17046b7fde6568
  Hero: 1c3c625ba05856f305d29f5c270f8766c5ff2df7
  Moya: a725035953bc1c0eb1be505ab903984501d82440
  Moya-ObjectMapper: 441caa307b527331fde59e2577adc632a16f1255
  ObjectMapper: b612bf8c8e99c4dc0bb6013a51f7c27966ed5da9
  Result: d2d07204ce72856f1fd9130bbe42c35a7b0fea10
  SVProgressHUD: 1428aafac632c1f86f62aa4243ec12008d7a51d6
  SwiftLocation: a3c3bc2023118171ef3572188a31def94aa0892c
  SwiftyJSON: 070dabdcb1beb81b247c65ffa3a79dbbfb3b48aa

PODFILE CHECKSUM: 31d1322c9ff4469868e1caca045a4c552d61bd4d

COCOAPODS: 1.5.2
